
Microsoft Visual Studio Solution File, Format Version 12.00
# Visual Studio 2017
Project("{FAE04EC0-301F-11D3-BF4B-00C04F79EFBC}") = "Paint the town.Plugins", "Paint the town.Plugins.csproj", "{0BC4A2DB-EBCD-5319-2AB7-4EFBDA9BD55A}"
EndProject
Project("{FAE04EC0-301F-11D3-BF4B-00C04F79EFBC}") = "Paint the town", "Paint the town.csproj", "{70151B5E-20E5-DF95-5AE5-B44E74709D98}"
EndProject
Project("{FAE04EC0-301F-11D3-BF4B-00C04F79EFBC}") = "Paint the town.Editor.Plugins", "Paint the town.Editor.Plugins.csproj", "{EBDFAB5A-F760-59D2-6853-F6F4339F9A21}"
EndProject
Project("{FAE04EC0-301F-11D3-BF4B-00C04F79EFBC}") = "Paint the town.Editor", "Paint the town.Editor.csproj", "{F7A51CB2-431F-ACFD-1C63-43415E8213CF}"
EndProject
Global
	GlobalSection(SolutionConfigurationPlatforms) = preSolution
		Debug|Any CPU = Debug|Any CPU
		Release|Any CPU = Release|Any CPU
	EndGlobalSection
	GlobalSection(ProjectConfigurationPlatforms) = postSolution
		{0BC4A2DB-EBCD-5319-2AB7-4EFBDA9BD55A}.Debug|Any CPU.ActiveCfg = Debug|Any CPU
		{0BC4A2DB-EBCD-5319-2AB7-4EFBDA9BD55A}.Debug|Any CPU.Build.0 = Debug|Any CPU
		{0BC4A2DB-EBCD-5319-2AB7-4EFBDA9BD55A}.Release|Any CPU.ActiveCfg = Release|Any CPU
		{0BC4A2DB-EBCD-5319-2AB7-4EFBDA9BD55A}.Release|Any CPU.Build.0 = Release|Any CPU
		{70151B5E-20E5-DF95-5AE5-B44E74709D98}.Debug|Any CPU.ActiveCfg = Debug|Any CPU
		{70151B5E-20E5-DF95-5AE5-B44E74709D98}.Debug|Any CPU.Build.0 = Debug|Any CPU
		{70151B5E-20E5-DF95-5AE5-B44E74709D98}.Release|Any CPU.ActiveCfg = Release|Any CPU
		{70151B5E-20E5-DF95-5AE5-B44E74709D98}.Release|Any CPU.Build.0 = Release|Any CPU
		{EBDFAB5A-F760-59D2-6853-F6F4339F9A21}.Debug|Any CPU.ActiveCfg = Debug|Any CPU
		{EBDFAB5A-F760-59D2-6853-F6F4339F9A21}.Debug|Any CPU.Build.0 = Debug|Any CPU
		{EBDFAB5A-F760-59D2-6853-F6F4339F9A21}.Release|Any CPU.ActiveCfg = Release|Any CPU
		{EBDFAB5A-F760-59D2-6853-F6F4339F9A21}.Release|Any CPU.Build.0 = Release|Any CPU
		{F7A51CB2-431F-ACFD-1C63-43415E8213CF}.Debug|Any CPU.ActiveCfg = Debug|Any CPU
		{F7A51CB2-431F-ACFD-1C63-43415E8213CF}.Debug|Any CPU.Build.0 = Debug|Any CPU
		{F7A51CB2-431F-ACFD-1C63-43415E8213CF}.Release|Any CPU.ActiveCfg = Release|Any CPU
		{F7A51CB2-431F-ACFD-1C63-43415E8213CF}.Release|Any CPU.Build.0 = Release|Any CPU
	EndGlobalSection
	GlobalSection(SolutionProperties) = preSolution
		HideSolutionNode = FALSE
	EndGlobalSection
EndGlobal
